<Solution>
  <Configurations>
    <BuildType Name="Analysis" />
    <BuildType Name="Debug" />
    <BuildType Name="ObjViewerDebug" />
    <BuildType Name="Release" />
    <Platform Name="x64" />
    <Platform Name="x86" />
  </Configurations>
  <Project Path="MyEngine.vcxproj" Id="05383b45-2b78-451c-9197-8b61474a12bc" />
  <Project Path="Source/ThirdParty/DirectXTK/DirectXTK_Desktop_2026.vcxproj" Id="e0b52ae7-e160-4d32-bf3f-910b785e5a8e">
    <BuildType Solution="Analysis|*" Project="Debug" />
    <BuildType Solution="ObjViewerDebug|x64" Project="Debug" />
    <BuildType Solution="ObjViewerDebug|x86" Project="Release" />
  </Project>
</Solution>
