<?xml version="1.0" encoding="utf-8"?>
<Project ToolsVersion="4.0" xmlns="http://schemas.microsoft.com/developer/msbuild/2003">
  <ItemGroup>
    <Filter Include="Resources">
      <UniqueIdentifier>{78c1310d-c491-5c2a-951b-a1322d3a6ddc}</UniqueIdentifier>
    </Filter>
    <Filter Include="Resources\MasterYi">
      <UniqueIdentifier>{f2f08169-2396-5319-9308-11b87a834542}</UniqueIdentifier>
    </Filter>
    <Filter Include="Shader">
      <UniqueIdentifier>{3ea988f9-14d0-5c84-ac44-779ede0924ff}</UniqueIdentifier>
    </Filter>
    <Filter Include="Source">
      <UniqueIdentifier>{8854d2be-a2f2-5233-ab11-4ed5ab7e0e30}</UniqueIdentifier>
    </Filter>
    <Filter Include="Source\Editor">
      <UniqueIdentifier>{7248ff6b-53cf-5e10-9972-b31f62f12508}</UniqueIdentifier>
    </Filter>
    <Filter Include="Source\Editor\Application">
      <UniqueIdentifier>{02517748-57be-58ed-b993-72fc181a2cfa}</UniqueIdentifier>
    </Filter>
    <Filter Include="Source\Editor\Core">
      <UniqueIdentifier>{aea951d9-caf8-5a2a-9aed-4a2fd4907c5f}</UniqueIdentifier>
    </Filter>
    <Filter Include="Source\Editor\EditorViewport">
      <UniqueIdentifier>{1b5c426f-fed2-5051-88b1-7affac7da00c}</UniqueIdentifier>
    </Filter>
    <Filter Include="Source\Editor\Gizmo">
      <UniqueIdentifier>{24711489-b59f-5cfa-979d-070ec62e9948}</UniqueIdentifier>
    </Filter>
    <Filter Include="Source\Editor\Grid">
      <UniqueIdentifier>{1391296c-9521-508b-99bf-f830af2454d7}</UniqueIdentifier>
    </Filter>
    <Filter Include="Source\Editor\UI">
      <UniqueIdentifier>{3239e505-f5d3-5afb-a626-8a281b2b874f}</UniqueIdentifier>
    </Filter>
    <Filter Include="Source\Editor\UI\Imgui">
      <UniqueIdentifier>{3a23842f-9b1f-5dbf-b413-83c9fdffda0a}</UniqueIdentifier>
    </Filter>
    <Filter Include="Source\Editor\Visualizer">
      <UniqueIdentifier>{23cd4fbf-b6d5-5a30-854f-d30149d258e6}</UniqueIdentifier>
    </Filter>
    <Filter Include="Source\Runtime">
      <UniqueIdentifier>{c46cd39d-9777-53b0-9271-b78bfc4fe4a3}</UniqueIdentifier>
    </Filter>
    <Filter Include="Source\Runtime\Actors">
      <UniqueIdentifier>{b9dc40be-9421-5821-82e3-377da4770b17}</UniqueIdentifier>
    </Filter>
    <Filter Include="Source\Runtime\Core">
      <UniqueIdentifier>{14797b42-8e12-5e12-bee8-dc86bf5207a7}</UniqueIdentifier>
    </Filter>
    <Filter Include="Source\Runtime\CoreUObject">
      <UniqueIdentifier>{e7bee798-f8fc-5111-9641-f0246d2aa334}</UniqueIdentifier>
    </Filter>
    <Filter Include="Source\Runtime\Engine">
      <UniqueIdentifier>{11154ffa-d447-5369-87ae-5e89c7c1087c}</UniqueIdentifier>
    </Filter>
    <Filter Include="Source\Runtime\Geometry">
      <UniqueIdentifier>{66825128-e827-5481-8049-08c607b6126c}</UniqueIdentifier>
    </Filter>
    <Filter Include="Source\Runtime\Input">
      <UniqueIdentifier>{bad905c1-5101-532b-bc68-7f1f9d6b8e40}</UniqueIdentifier>
    </Filter>
    <Filter Include="Source\Runtime\Math">
      <UniqueIdentifier>{7cfa1ebd-27de-5bd1-9d82-3e45f4d903e7}</UniqueIdentifier>
    </Filter>
    <Filter Include="Source\Runtime\Rendering">
      <UniqueIdentifier>{cd3488f5-d97f-5348-a1d0-ab30ec284a31}</UniqueIdentifier>
    </Filter>
    <Filter Include="Source\Runtime\Utility">
      <UniqueIdentifier>{eeabc084-43e8-5cdb-a2c2-c3f70618d6c8}</UniqueIdentifier>
    </Filter>
    <Filter Include="Source\ThirdParty">
      <UniqueIdentifier>{7207d6f4-4b70-5841-9d8f-40fdf45d9e8d}</UniqueIdentifier>
    </Filter>
    <Filter Include="Source\ThirdParty\Imgui">
      <UniqueIdentifier>{394e10c2-368b-5a81-9162-d739e7ba1b5a}</UniqueIdentifier>
    </Filter>
    <Filter Include="Source\ThirdParty\Json">
      <UniqueIdentifier>{75d061fc-0129-5286-a59f-382e7f6803e1}</UniqueIdentifier>
    </Filter>
    <Filter Include="Source\ThirdParty\Json\nlohmann">
      <UniqueIdentifier>{7d5e3ae3-8ffe-5c79-a07b-a5d77e3a12d5}</UniqueIdentifier>
    </Filter>
    <Filter Include="Source\ThirdParty\mINI">
      <UniqueIdentifier>{edea940a-c623-5820-a4a6-a54774594edc}</UniqueIdentifier>
    </Filter>
    <Filter Include="Source\ThirdParty\stb">
      <UniqueIdentifier>{fbc22fc0-eeac-51ac-a272-2ca575e43cb7}</UniqueIdentifier>
    </Filter>
  </ItemGroup>
  <ItemGroup>
    <ClCompile Include="Source\Editor\Application\FEditorApplication.cpp">
      <Filter>Source\Editor\Application</Filter>
    </ClCompile>
    <ClCompile Include="Source\Editor\Core\FConfigArchive.cpp">
      <Filter>Source\Editor\Core</Filter>
    </ClCompile>
    <ClCompile Include="Source\Editor\Core\FEditor.cpp">
      <Filter>Source\Editor\Core</Filter>
    </ClCompile>
    <ClCompile Include="Source\Editor\Core\FEditorState.cpp">
      <Filter>Source\Editor\Core</Filter>
    </ClCompile>
    <ClCompile Include="Source\Editor\EditorViewport\FEditorViewport.cpp">
      <Filter>Source\Editor\EditorViewport</Filter>
    </ClCompile>
    <ClCompile Include="Source\Editor\Gizmo\FGizmo.cpp">
      <Filter>Source\Editor\Gizmo</Filter>
    </ClCompile>
    <ClCompile Include="Source\Editor\Grid\FGrid.cpp">
      <Filter>Source\Editor\Grid</Filter>
    </ClCompile>
    <ClCompile Include="Source\Editor\UI\Imgui\FImguiConsoleWindow.cpp">
      <Filter>Source\Editor\UI\Imgui</Filter>
    </ClCompile>
    <ClCompile Include="Source\Editor\UI\Imgui\FImguiContentsDrawer.cpp">
      <Filter>Source\Editor\UI\Imgui</Filter>
    </ClCompile>
    <ClCompile Include="Source\Editor\UI\Imgui\FImguiControlPanelWindow.cpp">
      <Filter>Source\Editor\UI\Imgui</Filter>
    </ClCompile>
    <ClCompile Include="Source\Editor\UI\Imgui\FImguiDragDrop.cpp">
      <Filter>Source\Editor\UI\Imgui</Filter>
    </ClCompile>
    <ClCompile Include="Source\Editor\UI\Imgui\FImguiEditorViewportWindow.cpp">
      <Filter>Source\Editor\UI\Imgui</Filter>
    </ClCompile>
    <ClCompile Include="Source\Editor\UI\Imgui\FImguiManager.cpp">
      <Filter>Source\Editor\UI\Imgui</Filter>
    </ClCompile>
    <ClCompile Include="Source\Editor\UI\Imgui\FImguiPreviewEditorWindow.cpp">
      <Filter>Source\Editor\UI\Imgui</Filter>
    </ClCompile>
    <ClCompile Include="Source\Editor\UI\Imgui\FImguiPropertyWindow.cpp">
      <Filter>Source\Editor\UI\Imgui</Filter>
    </ClCompile>
    <ClCompile Include="Source\Editor\UI\Imgui\FImguiToolBar.cpp">
      <Filter>Source\Editor\UI\Imgui</Filter>
    </ClCompile>
    <ClCompile Include="Source\Editor\UI\Imgui\FImguiWorldOutliner.cpp">
      <Filter>Source\Editor\UI\Imgui</Filter>
    </ClCompile>
    <ClCompile Include="Source\Editor\UI\Imgui\FimguiWorlOutliner.cpp">
      <Filter>Source\Editor\UI\Imgui</Filter>
    </ClCompile>
    <ClCompile Include="Source\Editor\Visualizer\FBillboardVisualizer.cpp">
      <Filter>Source\Editor\Visualizer</Filter>
    </ClCompile>
    <ClCompile Include="Source\Editor\Visualizer\FPrimitiveVisualizer.cpp">
      <Filter>Source\Editor\Visualizer</Filter>
    </ClCompile>
    <ClCompile Include="Source\Editor\Visualizer\FSpotlightVisualizer.cpp">
      <Filter>Source\Editor\Visualizer</Filter>
    </ClCompile>
    <ClCompile Include="Source\Editor\Visualizer\FTextVisualizer.cpp">
      <Filter>Source\Editor\Visualizer</Filter>
    </ClCompile>
    <ClCompile Include="Source\Editor\Visualizer\FVisualizerRegistry.cpp">
      <Filter>Source\Editor\Visualizer</Filter>
    </ClCompile>
    <ClCompile Include="Source\main.cpp">
      <Filter>Source</Filter>
    </ClCompile>
    <ClCompile Include="Source\Runtime\Actors\AActor.cpp">
      <Filter>Source\Runtime\Actors</Filter>
    </ClCompile>
    <ClCompile Include="Source\Runtime\Actors\AAnimatedBillboardActor.cpp">
      <Filter>Source\Runtime\Actors</Filter>
    </ClCompile>
    <ClCompile Include="Source\Runtime\Actors\ABillboardActor.cpp">
      <Filter>Source\Runtime\Actors</Filter>
    </ClCompile>
    <ClCompile Include="Source\Runtime\Actors\ACubeActor.cpp">
      <Filter>Source\Runtime\Actors</Filter>
    </ClCompile>
    <ClCompile Include="Source\Runtime\Actors\ACylinderActor.cpp">
      <Filter>Source\Runtime\Actors</Filter>
    </ClCompile>
    <ClCompile Include="Source\Runtime\Actors\AInstancingActor.cpp">
      <Filter>Source\Runtime\Actors</Filter>
    </ClCompile>
    <ClCompile Include="Source\Runtime\Actors\AMasterYi.cpp">
      <Filter>Source\Runtime\Actors</Filter>
    </ClCompile>
    <ClCompile Include="Source\Runtime\Actors\ASphereActor.cpp">
      <Filter>Source\Runtime\Actors</Filter>
    </ClCompile>
    <ClCompile Include="Source\Runtime\Actors\ASpotlightActor.cpp">
      <Filter>Source\Runtime\Actors</Filter>
    </ClCompile>
    <ClCompile Include="Source\Runtime\Actors\AStaticMeshActor.cpp">
      <Filter>Source\Runtime\Actors</Filter>
    </ClCompile>
    <ClCompile Include="Source\Runtime\Actors\ATextRenderActor.cpp">
      <Filter>Source\Runtime\Actors</Filter>
    </ClCompile>
    <ClCompile Include="Source\Runtime\Actors\TestTextActor.cpp">
      <Filter>Source\Runtime\Actors</Filter>
    </ClCompile>
    <ClCompile Include="Source\Runtime\Core\FName.cpp">
      <Filter>Source\Runtime\Core</Filter>
    </ClCompile>
    <ClCompile Include="Source\Runtime\Core\FNamePool.cpp">
      <Filter>Source\Runtime\Core</Filter>
    </ClCompile>
    <ClCompile Include="Source\Runtime\Core\FObjectIterator.cpp">
      <Filter>Source\Runtime\Core</Filter>
    </ClCompile>
    <ClCompile Include="Source\Runtime\CoreUObject\FGarbageCollector.cpp">
      <Filter>Source\Runtime\CoreUObject</Filter>
    </ClCompile>
    <ClCompile Include="Source\Runtime\CoreUObject\FReferenceCollector.cpp">
      <Filter>Source\Runtime\CoreUObject</Filter>
    </ClCompile>
    <ClCompile Include="Source\Runtime\CoreUObject\FUObjectArray.cpp">
      <Filter>Source\Runtime\CoreUObject</Filter>
    </ClCompile>
    <ClCompile Include="Source\Runtime\CoreUObject\UAnimatedBillboardComp.cpp">
      <Filter>Source\Runtime\CoreUObject</Filter>
    </ClCompile>
    <ClCompile Include="Source\Runtime\CoreUObject\UBillBoardComp.cpp">
      <Filter>Source\Runtime\CoreUObject</Filter>
    </ClCompile>
    <ClCompile Include="Source\Runtime\CoreUObject\UClass.cpp">
      <Filter>Source\Runtime\CoreUObject</Filter>
    </ClCompile>
    <ClCompile Include="Source\Runtime\CoreUObject\UConeComp.cpp">
      <Filter>Source\Runtime\CoreUObject</Filter>
    </ClCompile>
    <ClCompile Include="Source\Runtime\CoreUObject\UCubeComp.cpp">
      <Filter>Source\Runtime\CoreUObject</Filter>
    </ClCompile>
    <ClCompile Include="Source\Runtime\CoreUObject\UCylinderComp.cpp">
      <Filter>Source\Runtime\CoreUObject</Filter>
    </ClCompile>
    <ClCompile Include="Source\Runtime\CoreUObject\UInstancePrimitiveComponent.cpp">
      <Filter>Source\Runtime\CoreUObject</Filter>
    </ClCompile>
    <ClCompile Include="Source\Runtime\CoreUObject\UMeshComponent.cpp">
      <Filter>Source\Runtime\CoreUObject</Filter>
    </ClCompile>
    <ClCompile Include="Source\Runtime\CoreUObject\UObject.cpp">
      <Filter>Source\Runtime\CoreUObject</Filter>
    </ClCompile>
    <ClCompile Include="Source\Runtime\CoreUObject\UPlaneComp.cpp">
      <Filter>Source\Runtime\CoreUObject</Filter>
    </ClCompile>
    <ClCompile Include="Source\Runtime\CoreUObject\UPrimitiveComponent.cpp">
      <Filter>Source\Runtime\CoreUObject</Filter>
    </ClCompile>
    <ClCompile Include="Source\Runtime\CoreUObject\USceneComponent.cpp">
      <Filter>Source\Runtime\CoreUObject</Filter>
    </ClCompile>
    <ClCompile Include="Source\Runtime\CoreUObject\USphereComp.cpp">
      <Filter>Source\Runtime\CoreUObject</Filter>
    </ClCompile>
    <ClCompile Include="Source\Runtime\CoreUObject\USpotLightComponent.cpp">
      <Filter>Source\Runtime\CoreUObject</Filter>
    </ClCompile>
    <ClCompile Include="Source\Runtime\CoreUObject\UStaticMesh.cpp">
      <Filter>Source\Runtime\CoreUObject</Filter>
    </ClCompile>
    <ClCompile Include="Source\Runtime\CoreUObject\UStaticMeshComponent.cpp">
      <Filter>Source\Runtime\CoreUObject</Filter>
    </ClCompile>
    <ClCompile Include="Source\Runtime\CoreUObject\UTextInstanceComponent.cpp">
      <Filter>Source\Runtime\CoreUObject</Filter>
    </ClCompile>
    <ClCompile Include="Source\Runtime\Engine\FArchive.cpp">
      <Filter>Source\Runtime\Engine</Filter>
    </ClCompile>
    <ClCompile Include="Source\Runtime\Engine\FCamera.cpp">
      <Filter>Source\Runtime\Engine</Filter>
    </ClCompile>
    <ClCompile Include="Source\Runtime\Engine\FRayCastingManager.cpp">
      <Filter>Source\Runtime\Engine</Filter>
    </ClCompile>
    <ClCompile Include="Source\Runtime\Engine\FRenderView.cpp">
      <Filter>Source\Runtime\Engine</Filter>
    </ClCompile>
    <ClCompile Include="Source\Runtime\Engine\FTimeManager.cpp">
      <Filter>Source\Runtime\Engine</Filter>
    </ClCompile>
    <ClCompile Include="Source\Runtime\Engine\UScene.cpp">
      <Filter>Source\Runtime\Engine</Filter>
    </ClCompile>
    <ClCompile Include="Source\Runtime\Engine\USceneManager.cpp">
      <Filter>Source\Runtime\Engine</Filter>
    </ClCompile>
    <ClCompile Include="Source\Runtime\Geometry\FAxisAlignedBoundingBox.cpp">
      <Filter>Source\Runtime\Geometry</Filter>
    </ClCompile>
    <ClCompile Include="Source\Runtime\Input\FCameraInputController.cpp">
      <Filter>Source\Runtime\Input</Filter>
    </ClCompile>
    <ClCompile Include="Source\Runtime\Input\FInputManager.cpp">
      <Filter>Source\Runtime\Input</Filter>
    </ClCompile>
    <ClCompile Include="Source\Runtime\Rendering\FFont.cpp">
      <Filter>Source\Runtime\Rendering</Filter>
    </ClCompile>
    <ClCompile Include="Source\Runtime\Rendering\FLineBatcher.cpp">
      <Filter>Source\Runtime\Rendering</Filter>
    </ClCompile>
    <ClCompile Include="Source\Runtime\Rendering\FMaterial.cpp">
      <Filter>Source\Runtime\Rendering</Filter>
    </ClCompile>
    <ClCompile Include="Source\Runtime\Rendering\FMesh.cpp">
      <Filter>Source\Runtime\Rendering</Filter>
    </ClCompile>
    <ClCompile Include="Source\Runtime\Rendering\FObjDecoder.cpp">
      <Filter>Source\Runtime\Rendering</Filter>
    </ClCompile>
    <ClCompile Include="Source\Runtime\Rendering\FPreviewRenderTarget.cpp">
      <Filter>Source\Runtime\Rendering</Filter>
    </ClCompile>
    <ClCompile Include="Source\Runtime\Rendering\FRenderer.cpp">
      <Filter>Source\Runtime\Rendering</Filter>
    </ClCompile>
    <ClCompile Include="Source\Runtime\Rendering\FRenderPipeline.cpp">
      <Filter>Source\Runtime\Rendering</Filter>
    </ClCompile>
    <ClCompile Include="Source\Runtime\Rendering\FRenderResourceLibrary.cpp">
      <Filter>Source\Runtime\Rendering</Filter>
    </ClCompile>
    <ClCompile Include="Source\Runtime\Utility\EngineUtil.cpp">
      <Filter>Source\Runtime\Utility</Filter>
    </ClCompile>
    <ClCompile Include="Source\Runtime\Utility\WindowsUtil.cpp">
      <Filter>Source\Runtime\Utility</Filter>
    </ClCompile>
    <ClCompile Include="Source\ThirdParty\Imgui\imgui.cpp">
      <Filter>Source\ThirdParty\Imgui</Filter>
    </ClCompile>
    <ClCompile Include="Source\ThirdParty\Imgui\imgui_demo.cpp">
      <Filter>Source\ThirdParty\Imgui</Filter>
    </ClCompile>
    <ClCompile Include="Source\ThirdParty\Imgui\imgui_draw.cpp">
      <Filter>Source\ThirdParty\Imgui</Filter>
    </ClCompile>
    <ClCompile Include="Source\ThirdParty\Imgui\imgui_impl_dx11.cpp">
      <Filter>Source\ThirdParty\Imgui</Filter>
    </ClCompile>
    <ClCompile Include="Source\ThirdParty\Imgui\imgui_impl_win32.cpp">
      <Filter>Source\ThirdParty\Imgui</Filter>
    </ClCompile>
    <ClCompile Include="Source\ThirdParty\Imgui\imgui_tables.cpp">
      <Filter>Source\ThirdParty\Imgui</Filter>
    </ClCompile>
    <ClCompile Include="Source\ThirdParty\Imgui\imgui_widgets.cpp">
      <Filter>Source\ThirdParty\Imgui</Filter>
    </ClCompile>
    <ClCompile Include="Source\Runtime\Rendering\FBinArchive.cpp">
      <Filter>Source</Filter>
    </ClCompile>
    <ClCompile Include="Source\Runtime\Rendering\FWindowsBinWriter.cpp">
      <Filter>Source</Filter>
    </ClCompile>
    <ClCompile Include="Source\Runtime\Rendering\FWindowsBinReader.cpp">
      <Filter>Source</Filter>
    </ClCompile>
  </ItemGroup>
  <ItemGroup>
    <ClInclude Include="Resources\MasterYi\MasterYi_HeadData.h">
      <Filter>Resources\MasterYi</Filter>
    </ClInclude>
    <ClInclude Include="Source\Editor\Application\FEditorApplication.h">
      <Filter>Source\Editor\Application</Filter>
    </ClInclude>
    <ClInclude Include="Source\Editor\Core\EditorConstant.h">
      <Filter>Source\Editor\Core</Filter>
    </ClInclude>
    <ClInclude Include="Source\Editor\Core\FConfigArchive.h">
      <Filter>Source\Editor\Core</Filter>
    </ClInclude>
    <ClInclude Include="Source\Editor\Core\FEditor.h">
      <Filter>Source\Editor\Core</Filter>
    </ClInclude>
    <ClInclude Include="Source\Editor\Core\FEditorState.h">
      <Filter>Source\Editor\Core</Filter>
    </ClInclude>
    <ClInclude Include="Source\Editor\EditorViewport\FEditorViewport.h">
      <Filter>Source\Editor\EditorViewport</Filter>
    </ClInclude>
    <ClInclude Include="Source\Editor\Gizmo\FGizmo.h">
      <Filter>Source\Editor\Gizmo</Filter>
    </ClInclude>
    <ClInclude Include="Source\Editor\Grid\FGrid.h">
      <Filter>Source\Editor\Grid</Filter>
    </ClInclude>
    <ClInclude Include="Source\Editor\UI\Imgui\FImguiConsoleWindow.h">
      <Filter>Source\Editor\UI\Imgui</Filter>
    </ClInclude>
    <ClInclude Include="Source\Editor\UI\Imgui\FImguiContentsDrawer.h">
      <Filter>Source\Editor\UI\Imgui</Filter>
    </ClInclude>
    <ClInclude Include="Source\Editor\UI\Imgui\FImguiControlPanelWindow.h">
      <Filter>Source\Editor\UI\Imgui</Filter>
    </ClInclude>
    <ClInclude Include="Source\Editor\UI\Imgui\FImguiDragDrop.h">
      <Filter>Source\Editor\UI\Imgui</Filter>
    </ClInclude>
    <ClInclude Include="Source\Editor\UI\Imgui\FImguiEditorViewportWindow.h">
      <Filter>Source\Editor\UI\Imgui</Filter>
    </ClInclude>
    <ClInclude Include="Source\Editor\UI\Imgui\FImguiManager.h">
      <Filter>Source\Editor\UI\Imgui</Filter>
    </ClInclude>
    <ClInclude Include="Source\Editor\UI\Imgui\FImguiOverlayStat.h">
      <Filter>Source\Editor\UI\Imgui</Filter>
    </ClInclude>
    <ClInclude Include="Source\Editor\UI\Imgui\FImguiPreviewEditorWindow.h">
      <Filter>Source\Editor\UI\Imgui</Filter>
    </ClInclude>
    <ClInclude Include="Source\Editor\UI\Imgui\FImguiPropertyWindow.h">
      <Filter>Source\Editor\UI\Imgui</Filter>
    </ClInclude>
    <ClInclude Include="Source\Editor\UI\Imgui\FImguiStatFps.h">
      <Filter>Source\Editor\UI\Imgui</Filter>
    </ClInclude>
    <ClInclude Include="Source\Editor\UI\Imgui\FImguiStatHelper.h">
      <Filter>Source\Editor\UI\Imgui</Filter>
    </ClInclude>
    <ClInclude Include="Source\Editor\UI\Imgui\FImguiStatMemory.h">
      <Filter>Source\Editor\UI\Imgui</Filter>
    </ClInclude>
    <ClInclude Include="Source\Editor\UI\Imgui\FImguiToolBar.h">
      <Filter>Source\Editor\UI\Imgui</Filter>
    </ClInclude>
    <ClInclude Include="Source\Editor\UI\Imgui\FImguiWorldOutliner.h">
      <Filter>Source\Editor\UI\Imgui</Filter>
    </ClInclude>
    <ClInclude Include="Source\Editor\UI\Imgui\FimguiWorlOutliner.h">
      <Filter>Source\Editor\UI\Imgui</Filter>
    </ClInclude>
    <ClInclude Include="Source\Editor\Visualizer\FBillboardVisualizer.h">
      <Filter>Source\Editor\Visualizer</Filter>
    </ClInclude>
    <ClInclude Include="Source\Editor\Visualizer\FPrimitiveVisualizer.h">
      <Filter>Source\Editor\Visualizer</Filter>
    </ClInclude>
    <ClInclude Include="Source\Editor\Visualizer\FSpotlightVisualizer.h">
      <Filter>Source\Editor\Visualizer</Filter>
    </ClInclude>
    <ClInclude Include="Source\Editor\Visualizer\FTextVisualizer.h">
      <Filter>Source\Editor\Visualizer</Filter>
    </ClInclude>
    <ClInclude Include="Source\Editor\Visualizer\FVisualizerRegistry.h">
      <Filter>Source\Editor\Visualizer</Filter>
    </ClInclude>
    <ClInclude Include="Source\Editor\Visualizer\IVisualizer.h">
      <Filter>Source\Editor\Visualizer</Filter>
    </ClInclude>
    <ClInclude Include="Source\Runtime\Actors\AActor.h">
      <Filter>Source\Runtime\Actors</Filter>
    </ClInclude>
    <ClInclude Include="Source\Runtime\Actors\AAnimatedBillboardActor.h">
      <Filter>Source\Runtime\Actors</Filter>
    </ClInclude>
    <ClInclude Include="Source\Runtime\Actors\ABillboardActor.h">
      <Filter>Source\Runtime\Actors</Filter>
    </ClInclude>
    <ClInclude Include="Source\Runtime\Actors\ACubeActor.h">
      <Filter>Source\Runtime\Actors</Filter>
    </ClInclude>
    <ClInclude Include="Source\Runtime\Actors\ACylinderActor.h">
      <Filter>Source\Runtime\Actors</Filter>
    </ClInclude>
    <ClInclude Include="Source\Runtime\Actors\AInstancingActor.h">
      <Filter>Source\Runtime\Actors</Filter>
    </ClInclude>
    <ClInclude Include="Source\Runtime\Actors\AMasterYi.h">
      <Filter>Source\Runtime\Actors</Filter>
    </ClInclude>
    <ClInclude Include="Source\Runtime\Actors\ASphereActor.h">
      <Filter>Source\Runtime\Actors</Filter>
    </ClInclude>
    <ClInclude Include="Source\Runtime\Actors\ASpotlightActor.h">
      <Filter>Source\Runtime\Actors</Filter>
    </ClInclude>
    <ClInclude Include="Source\Runtime\Actors\AStaticMeshActor.h">
      <Filter>Source\Runtime\Actors</Filter>
    </ClInclude>
    <ClInclude Include="Source\Runtime\Actors\ATextRenderActor.h">
      <Filter>Source\Runtime\Actors</Filter>
    </ClInclude>
    <ClInclude Include="Source\Runtime\Actors\TestTextActor.h">
      <Filter>Source\Runtime\Actors</Filter>
    </ClInclude>
    <ClInclude Include="Source\Runtime\Core\FName.h">
      <Filter>Source\Runtime\Core</Filter>
    </ClInclude>
    <ClInclude Include="Source\Runtime\Core\FNamePool.h">
      <Filter>Source\Runtime\Core</Filter>
    </ClInclude>
    <ClInclude Include="Source\Runtime\Core\FObjectIterator.h">
      <Filter>Source\Runtime\Core</Filter>
    </ClInclude>
    <ClInclude Include="Source\Runtime\Core\FStatRegistry.h">
      <Filter>Source\Runtime\Core</Filter>
    </ClInclude>
    <ClInclude Include="Source\Runtime\Core\FString.h">
      <Filter>Source\Runtime\Core</Filter>
    </ClInclude>
    <ClInclude Include="Source\Runtime\Core\IntTypes.h">
      <Filter>Source\Runtime\Core</Filter>
    </ClInclude>
    <ClInclude Include="Source\Runtime\Core\Log.h">
      <Filter>Source\Runtime\Core</Filter>
    </ClInclude>
    <ClInclude Include="Source\Runtime\Core\PointerTypes.h">
      <Filter>Source\Runtime\Core</Filter>
    </ClInclude>
    <ClInclude Include="Source\Runtime\Core\TArray.h">
      <Filter>Source\Runtime\Core</Filter>
    </ClInclude>
    <ClInclude Include="Source\Runtime\Core\TFunction.h">
      <Filter>Source\Runtime\Core</Filter>
    </ClInclude>
    <ClInclude Include="Source\Runtime\Core\TMap.h">
      <Filter>Source\Runtime\Core</Filter>
    </ClInclude>
    <ClInclude Include="Source\Runtime\Core\TObjectIterator.h">
      <Filter>Source\Runtime\Core</Filter>
    </ClInclude>
    <ClInclude Include="Source\Runtime\Core\TSet.h">
      <Filter>Source\Runtime\Core</Filter>
    </ClInclude>
    <ClInclude Include="Source\Runtime\Core\TSortedMap.h">
      <Filter>Source\Runtime\Core</Filter>
    </ClInclude>
    <ClInclude Include="Source\Runtime\CoreUObject\FClassIdSet.h">
      <Filter>Source\Runtime\CoreUObject</Filter>
    </ClInclude>
    <ClInclude Include="Source\Runtime\CoreUObject\FGarbageCollector.h">
      <Filter>Source\Runtime\CoreUObject</Filter>
    </ClInclude>
    <ClInclude Include="Source\Runtime\CoreUObject\FReferenceCollector.h">
      <Filter>Source\Runtime\CoreUObject</Filter>
    </ClInclude>
    <ClInclude Include="Source\Runtime\CoreUObject\FUObjectArray.h">
      <Filter>Source\Runtime\CoreUObject</Filter>
    </ClInclude>
    <ClInclude Include="Source\Runtime\CoreUObject\TWeakObjectPtr.h">
      <Filter>Source\Runtime\CoreUObject</Filter>
    </ClInclude>
    <ClInclude Include="Source\Runtime\CoreUObject\UAnimatedBillboardComp.h">
      <Filter>Source\Runtime\CoreUObject</Filter>
    </ClInclude>
    <ClInclude Include="Source\Runtime\CoreUObject\UBillBoardComp.h">
      <Filter>Source\Runtime\CoreUObject</Filter>
    </ClInclude>
    <ClInclude Include="Source\Runtime\CoreUObject\UClass.h">
      <Filter>Source\Runtime\CoreUObject</Filter>
    </ClInclude>
    <ClInclude Include="Source\Runtime\CoreUObject\UConeComp.h">
      <Filter>Source\Runtime\CoreUObject</Filter>
    </ClInclude>
    <ClInclude Include="Source\Runtime\CoreUObject\UCubeComp.h">
      <Filter>Source\Runtime\CoreUObject</Filter>
    </ClInclude>
    <ClInclude Include="Source\Runtime\CoreUObject\UCylinderComp.h">
      <Filter>Source\Runtime\CoreUObject</Filter>
    </ClInclude>
    <ClInclude Include="Source\Runtime\CoreUObject\UInstancePrimitiveComponent.h">
      <Filter>Source\Runtime\CoreUObject</Filter>
    </ClInclude>
    <ClInclude Include="Source\Runtime\CoreUObject\UMeshComponent.h">
      <Filter>Source\Runtime\CoreUObject</Filter>
    </ClInclude>
    <ClInclude Include="Source\Runtime\CoreUObject\UObject.h">
      <Filter>Source\Runtime\CoreUObject</Filter>
    </ClInclude>
    <ClInclude Include="Source\Runtime\CoreUObject\UObjectGlobals.h">
      <Filter>Source\Runtime\CoreUObject</Filter>
    </ClInclude>
    <ClInclude Include="Source\Runtime\CoreUObject\UPlaneComp.h">
      <Filter>Source\Runtime\CoreUObject</Filter>
    </ClInclude>
    <ClInclude Include="Source\Runtime\CoreUObject\UPrimitiveComponent.h">
      <Filter>Source\Runtime\CoreUObject</Filter>
    </ClInclude>
    <ClInclude Include="Source\Runtime\CoreUObject\USceneComponent.h">
      <Filter>Source\Runtime\CoreUObject</Filter>
    </ClInclude>
    <ClInclude Include="Source\Runtime\CoreUObject\USphereComp.h">
      <Filter>Source\Runtime\CoreUObject</Filter>
    </ClInclude>
    <ClInclude Include="Source\Runtime\CoreUObject\USpotLightComponent.h">
      <Filter>Source\Runtime\CoreUObject</Filter>
    </ClInclude>
    <ClInclude Include="Source\Runtime\CoreUObject\UStaticMesh.h">
      <Filter>Source\Runtime\CoreUObject</Filter>
    </ClInclude>
    <ClInclude Include="Source\Runtime\CoreUObject\UStaticMeshComponent.h">
      <Filter>Source\Runtime\CoreUObject</Filter>
    </ClInclude>
    <ClInclude Include="Source\Runtime\CoreUObject\UTextInstanceComponent.h">
      <Filter>Source\Runtime\CoreUObject</Filter>
    </ClInclude>
    <ClInclude Include="Source\Runtime\Engine\FArchive.h">
      <Filter>Source\Runtime\Engine</Filter>
    </ClInclude>
    <ClInclude Include="Source\Runtime\Engine\FCamera.h">
      <Filter>Source\Runtime\Engine</Filter>
    </ClInclude>
    <ClInclude Include="Source\Runtime\Engine\FCameraProjection.h">
      <Filter>Source\Runtime\Engine</Filter>
    </ClInclude>
    <ClInclude Include="Source\Runtime\Engine\FDelegate.h">
      <Filter>Source\Runtime\Engine</Filter>
    </ClInclude>
    <ClInclude Include="Source\Runtime\Engine\FRayCastingManager.h">
      <Filter>Source\Runtime\Engine</Filter>
    </ClInclude>
    <ClInclude Include="Source\Runtime\Engine\FRenderView.h">
      <Filter>Source\Runtime\Engine</Filter>
    </ClInclude>
    <ClInclude Include="Source\Runtime\Engine\FSceneView.h">
      <Filter>Source\Runtime\Engine</Filter>
    </ClInclude>
    <ClInclude Include="Source\Runtime\Engine\FTimeManager.h">
      <Filter>Source\Runtime\Engine</Filter>
    </ClInclude>
    <ClInclude Include="Source\Runtime\Engine\ShowFlags.h">
      <Filter>Source\Runtime\Engine</Filter>
    </ClInclude>
    <ClInclude Include="Source\Runtime\Engine\UScene.h">
      <Filter>Source\Runtime\Engine</Filter>
    </ClInclude>
    <ClInclude Include="Source\Runtime\Engine\USceneManager.h">
      <Filter>Source\Runtime\Engine</Filter>
    </ClInclude>
    <ClInclude Include="Source\Runtime\Geometry\FAxisAlignedBoundingBox.h">
      <Filter>Source\Runtime\Geometry</Filter>
    </ClInclude>
    <ClInclude Include="Source\Runtime\Geometry\FTransform.h">
      <Filter>Source\Runtime\Geometry</Filter>
    </ClInclude>
    <ClInclude Include="Source\Runtime\Geometry\Sphere.h">
      <Filter>Source\Runtime\Geometry</Filter>
    </ClInclude>
    <ClInclude Include="Source\Runtime\Input\FCameraInputController.h">
      <Filter>Source\Runtime\Input</Filter>
    </ClInclude>
    <ClInclude Include="Source\Runtime\Input\FInputManager.h">
      <Filter>Source\Runtime\Input</Filter>
    </ClInclude>
    <ClInclude Include="Source\Runtime\Math\FMatrix.h">
      <Filter>Source\Runtime\Math</Filter>
    </ClInclude>
    <ClInclude Include="Source\Runtime\Math\FQuaternion.h">
      <Filter>Source\Runtime\Math</Filter>
    </ClInclude>
    <ClInclude Include="Source\Runtime\Math\FVector.h">
      <Filter>Source\Runtime\Math</Filter>
    </ClInclude>
    <ClInclude Include="Source\Runtime\Math\FVector2.h">
      <Filter>Source\Runtime\Math</Filter>
    </ClInclude>
    <ClInclude Include="Source\Runtime\Math\FVector4.h">
      <Filter>Source\Runtime\Math</Filter>
    </ClInclude>
    <ClInclude Include="Source\Runtime\Math\Random.h">
      <Filter>Source\Runtime\Math</Filter>
    </ClInclude>
    <ClInclude Include="Source\Runtime\Rendering\EBlendMode.h">
      <Filter>Source\Runtime\Rendering</Filter>
    </ClInclude>
    <ClInclude Include="Source\Runtime\Rendering\FBinArchive.h">
      <Filter>Source\Runtime\Rendering</Filter>
    </ClInclude>
    <ClInclude Include="Source\Runtime\Rendering\FFont.h">
      <Filter>Source\Runtime\Rendering</Filter>
    </ClInclude>
    <ClInclude Include="Source\Runtime\Rendering\FInstanceBatchKey.h">
      <Filter>Source\Runtime\Rendering</Filter>
    </ClInclude>
    <ClInclude Include="Source\Runtime\Rendering\FLineBatcher.h">
      <Filter>Source\Runtime\Rendering</Filter>
    </ClInclude>
    <ClInclude Include="Source\Runtime\Rendering\FMaterial.h">
      <Filter>Source\Runtime\Rendering</Filter>
    </ClInclude>
    <ClInclude Include="Source\Runtime\Rendering\FMesh.h">
      <Filter>Source\Runtime\Rendering</Filter>
    </ClInclude>
    <ClInclude Include="Source\Runtime\Rendering\FObjDecoder.h">
      <Filter>Source\Runtime\Rendering</Filter>
    </ClInclude>
    <ClInclude Include="Source\Runtime\Rendering\FPreviewRenderTarget.h">
      <Filter>Source\Runtime\Rendering</Filter>
    </ClInclude>
    <ClInclude Include="Source\Runtime\Rendering\FRenderer.h">
      <Filter>Source\Runtime\Rendering</Filter>
    </ClInclude>
    <ClInclude Include="Source\Runtime\Rendering\FRenderPipeline.h">
      <Filter>Source\Runtime\Rendering</Filter>
    </ClInclude>
    <ClInclude Include="Source\Runtime\Rendering\FRenderQueue.h">
      <Filter>Source\Runtime\Rendering</Filter>
    </ClInclude>
    <ClInclude Include="Source\Runtime\Rendering\FRenderResourceLibrary.h">
      <Filter>Source\Runtime\Rendering</Filter>
    </ClInclude>
    <ClInclude Include="Source\Runtime\Rendering\FTexture.h">
      <Filter>Source\Runtime\Rendering</Filter>
    </ClInclude>
    <ClInclude Include="Source\Runtime\Rendering\FWindowsBinReader.h">
      <Filter>Source\Runtime\Rendering</Filter>
    </ClInclude>
    <ClInclude Include="Source\Runtime\Rendering\FWindowsBinWriter.h">
      <Filter>Source\Runtime\Rendering</Filter>
    </ClInclude>
    <ClInclude Include="Source\Runtime\Rendering\ShaderConstants.h">
      <Filter>Source\Runtime\Rendering</Filter>
    </ClInclude>
    <ClInclude Include="Source\Runtime\Rendering\Vertices.h">
      <Filter>Source\Runtime\Rendering</Filter>
    </ClInclude>
    <ClInclude Include="Source\Runtime\Utility\EngineUtil.h">
      <Filter>Source\Runtime\Utility</Filter>
    </ClInclude>
    <ClInclude Include="Source\Runtime\Utility\WindowsUtil.h">
      <Filter>Source\Runtime\Utility</Filter>
    </ClInclude>
    <ClInclude Include="Source\ThirdParty\Imgui\imconfig.h">
      <Filter>Source\ThirdParty\Imgui</Filter>
    </ClInclude>
    <ClInclude Include="Source\ThirdParty\Imgui\imgui.h">
      <Filter>Source\ThirdParty\Imgui</Filter>
    </ClInclude>
    <ClInclude Include="Source\ThirdParty\Imgui\imgui_impl_dx11.h">
      <Filter>Source\ThirdParty\Imgui</Filter>
    </ClInclude>
    <ClInclude Include="Source\ThirdParty\Imgui\imgui_impl_win32.h">
      <Filter>Source\ThirdParty\Imgui</Filter>
    </ClInclude>
    <ClInclude Include="Source\ThirdParty\Imgui\imgui_internal.h">
      <Filter>Source\ThirdParty\Imgui</Filter>
    </ClInclude>
    <ClInclude Include="Source\ThirdParty\Imgui\imstb_rectpack.h">
      <Filter>Source\ThirdParty\Imgui</Filter>
    </ClInclude>
    <ClInclude Include="Source\ThirdParty\Imgui\imstb_textedit.h">
      <Filter>Source\ThirdParty\Imgui</Filter>
    </ClInclude>
    <ClInclude Include="Source\ThirdParty\Imgui\imstb_truetype.h">
      <Filter>Source\ThirdParty\Imgui</Filter>
    </ClInclude>
    <ClInclude Include="Source\ThirdParty\Json\json.hpp">
      <Filter>Source\ThirdParty\Json</Filter>
    </ClInclude>
    <ClInclude Include="Source\ThirdParty\Json\nlohmann\json.hpp">
      <Filter>Source\ThirdParty\Json\nlohmann</Filter>
    </ClInclude>
    <ClInclude Include="Source\ThirdParty\mINI\ini.h">
      <Filter>Source\ThirdParty\mINI</Filter>
    </ClInclude>
    <ClInclude Include="Source\ThirdParty\stb\stb_image.h">
      <Filter>Source\ThirdParty\stb</Filter>
    </ClInclude>
  </ItemGroup>
  <ItemGroup>
    <FxCompile Include="Shader\ExamplePS.hlsl">
      <Filter>Shader</Filter>
    </FxCompile>
    <FxCompile Include="Shader\ExampleVS.hlsl">
      <Filter>Shader</Filter>
    </FxCompile>
    <FxCompile Include="Shader\GridPS.hlsl">
      <Filter>Shader</Filter>
    </FxCompile>
    <FxCompile Include="Shader\GridVS.hlsl">
      <Filter>Shader</Filter>
    </FxCompile>
    <FxCompile Include="Shader\InstanceVS.hlsl">
      <Filter>Shader</Filter>
    </FxCompile>
    <FxCompile Include="Shader\MsdfTextPS.hlsl">
      <Filter>Shader</Filter>
    </FxCompile>
    <FxCompile Include="Shader\OutlinePostProcessPS.hlsl">
      <Filter>Shader</Filter>
    </FxCompile>
    <FxCompile Include="Shader\RotationGizmoPS.hlsl">
      <Filter>Shader</Filter>
    </FxCompile>
    <FxCompile Include="Shader\RotationGizmoVS.hlsl">
      <Filter>Shader</Filter>
    </FxCompile>
    <FxCompile Include="Shader\ScreenQuadVS.hlsl">
      <Filter>Shader</Filter>
    </FxCompile>
    <FxCompile Include="Shader\SpotlightPS.hlsl">
      <Filter>Shader</Filter>
    </FxCompile>
    <FxCompile Include="Shader\TextPS.hlsl">
      <Filter>Shader</Filter>
    </FxCompile>
    <FxCompile Include="Shader\TexturedPS.hlsl">
      <Filter>Shader</Filter>
    </FxCompile>
  </ItemGroup>
  <ItemGroup>
    <None Include="Shader\Constants.hlsli">
      <Filter>Shader</Filter>
    </None>
  </ItemGroup>
</Project>
